
Microsoft Visual Studio Solution File, Format Version 12.00
# Visual Studio 15
VisualStudioVersion = 15.0.28307.852
MinimumVisualStudioVersion = 10.0.40219.1
Project("{8BC9CEB8-8B4A-11D0-8D11-00A0C91BC942}") = "openmp", "openmp\openmp.vcxproj", "{517A8BE1-67F4-489D-B718-AC0D8DB6FA6C}"
EndProject
Project("{8BC9CEB8-8B4A-11D0-8D11-00A0C91BC942}") = "Video_Image", "Video_Image\Video_Image.vcxproj", "{BAE1E05C-6BFF-4AF3-BA90-889D1D1F6355}"
EndProject
Project("{8BC9CEB8-8B4A-11D0-8D11-00A0C91BC942}") = "EdgesDetection", "EdgesDetection\EdgesDetection.vcxproj", "{3F4A94BB-217D-4685-8029-E4830E450931}"
EndProject
Global
	GlobalSection(SolutionConfigurationPlatforms) = preSolution
		Debug|x64 = Debug|x64
		Debug|x86 = Debug|x86
		Release|x64 = Release|x64
		Release|x86 = Release|x86
	EndGlobalSection
	GlobalSection(ProjectConfigurationPlatforms) = postSolution
		{517A8BE1-67F4-489D-B718-AC0D8DB6FA6C}.Debug|x64.ActiveCfg = Debug|x64
		{517A8BE1-67F4-489D-B718-AC0D8DB6FA6C}.Debug|x64.Build.0 = Debug|x64
		{517A8BE1-67F4-489D-B718-AC0D8DB6FA6C}.Debug|x86.ActiveCfg = Debug|Win32
		{517A8BE1-67F4-489D-B718-AC0D8DB6FA6C}.Debug|x86.Build.0 = Debug|Win32
		{517A8BE1-67F4-489D-B718-AC0D8DB6FA6C}.Release|x64.ActiveCfg = Release|x64
		{517A8BE1-67F4-489D-B718-AC0D8DB6FA6C}.Release|x64.Build.0 = Release|x64
		{517A8BE1-67F4-489D-B718-AC0D8DB6FA6C}.Release|x86.ActiveCfg = Release|Win32
		{517A8BE1-67F4-489D-B718-AC0D8DB6FA6C}.Release|x86.Build.0 = Release|Win32
		{BAE1E05C-6BFF-4AF3-BA90-889D1D1F6355}.Debug|x64.ActiveCfg = Debug|x64
		{BAE1E05C-6BFF-4AF3-BA90-889D1D1F6355}.Debug|x64.Build.0 = Debug|x64
		{BAE1E05C-6BFF-4AF3-BA90-889D1D1F6355}.Debug|x86.ActiveCfg = Debug|Win32
		{BAE1E05C-6BFF-4AF3-BA90-889D1D1F6355}.Debug|x86.Build.0 = Debug|Win32
		{BAE1E05C-6BFF-4AF3-BA90-889D1D1F6355}.Release|x64.ActiveCfg = Release|x64
		{BAE1E05C-6BFF-4AF3-BA90-889D1D1F6355}.Release|x64.Build.0 = Release|x64
		{BAE1E05C-6BFF-4AF3-BA90-889D1D1F6355}.Release|x86.ActiveCfg = Release|Win32
		{BAE1E05C-6BFF-4AF3-BA90-889D1D1F6355}.Release|x86.Build.0 = Release|Win32
		{3F4A94BB-217D-4685-8029-E4830E450931}.Debug|x64.ActiveCfg = Debug|x64
		{3F4A94BB-217D-4685-8029-E4830E450931}.Debug|x64.Build.0 = Debug|x64
		{3F4A94BB-217D-4685-8029-E4830E450931}.Debug|x86.ActiveCfg = Debug|Win32
		{3F4A94BB-217D-4685-8029-E4830E450931}.Debug|x86.Build.0 = Debug|Win32
		{3F4A94BB-217D-4685-8029-E4830E450931}.Release|x64.ActiveCfg = Release|x64
		{3F4A94BB-217D-4685-8029-E4830E450931}.Release|x64.Build.0 = Release|x64
		{3F4A94BB-217D-4685-8029-E4830E450931}.Release|x86.ActiveCfg = Release|Win32
		{3F4A94BB-217D-4685-8029-E4830E450931}.Release|x86.Build.0 = Release|Win32
	EndGlobalSection
	GlobalSection(SolutionProperties) = preSolution
		HideSolutionNode = FALSE
	EndGlobalSection
	GlobalSection(ExtensibilityGlobals) = postSolution
		SolutionGuid = {23EF64BD-97AF-436B-AFB9-675FBEBB1803}
	EndGlobalSection
EndGlobal
